# @generated by Move, please check-in and do not edit manually.

[move]
version = 0
manifest_digest = "2954B8D8F51D861A3E9AC352098CE4900D4A46FE004F07AC3760F614EF4EFA1F"
deps_digest = "3C4103934B1E040BB6B23F1D610B4EF9F2F1166A50A104EADCF77467C004C600"

dependencies = [
  { name = "SocialCoin" },
  { name = "Sui" },
]

[[move.package]]
name = "MoveStdlib"
source = { git = "https://github.com/MystenLabs/sui.git", rev = "mainnet-v1.13.0", subdir = "crates/sui-framework/packages/move-stdlib" }

[[move.package]]
name = "SocialCoin"
source = { local = "../.." }

dependencies = [
  { name = "Sui" },
]

[[move.package]]
name = "Sui"
source = { git = "https://github.com/MystenLabs/sui.git", rev = "mainnet-v1.13.0", subdir = "crates/sui-framework/packages/sui-framework" }

dependencies = [
  { name = "MoveStdlib" },
]
